
Microsoft Visual Studio Solution File, Format Version 12.00
# Visual Studio 15
VisualStudioVersion = 15.0.28010.2046
MinimumVisualStudioVersion = 10.0.40219.1
Project("{8BC9CEB8-8B4A-11D0-8D11-00A0C91BC942}") = "KPro_WINAPI20", "KPro_WINAPI20\KPro_WINAPI20.vcxproj", "{08CFDA5C-1134-465D-AAD3-6DA40744672C}"
EndProject
Global
	GlobalSection(SolutionConfigurationPlatforms) = preSolution
		Debug|x64 = Debug|x64
		Debug|x86 = Debug|x86
		Release|x64 = Release|x64
		Release|x86 = Release|x86
	EndGlobalSection
	GlobalSection(ProjectConfigurationPlatforms) = postSolution
		{08CFDA5C-1134-465D-AAD3-6DA40744672C}.Debug|x64.ActiveCfg = Debug|x64
		{08CFDA5C-1134-465D-AAD3-6DA40744672C}.Debug|x64.Build.0 = Debug|x64
		{08CFDA5C-1134-465D-AAD3-6DA40744672C}.Debug|x86.ActiveCfg = Debug|Win32
		{08CFDA5C-1134-465D-AAD3-6DA40744672C}.Debug|x86.Build.0 = Debug|Win32
		{08CFDA5C-1134-465D-AAD3-6DA40744672C}.Release|x64.ActiveCfg = Release|x64
		{08CFDA5C-1134-465D-AAD3-6DA40744672C}.Release|x64.Build.0 = Release|x64
		{08CFDA5C-1134-465D-AAD3-6DA40744672C}.Release|x86.ActiveCfg = Release|Win32
		{08CFDA5C-1134-465D-AAD3-6DA40744672C}.Release|x86.Build.0 = Release|Win32
	EndGlobalSection
	GlobalSection(SolutionProperties) = preSolution
		HideSolutionNode = FALSE
	EndGlobalSection
	GlobalSection(ExtensibilityGlobals) = postSolution
		SolutionGuid = {D9C46E8C-DA9A-4B11-B90F-C50DCB90DDE9}
	EndGlobalSection
EndGlobal
