
Microsoft Visual Studio Solution File, Format Version 12.00
# Visual Studio 15
VisualStudioVersion = 15.0.28010.2046
MinimumVisualStudioVersion = 10.0.40219.1
Project("{8BC9CEB8-8B4A-11D0-8D11-00A0C91BC942}") = "KPro_WINAPI7", "KPro_WINAPI7\KPro_WINAPI7.vcxproj", "{03ABCD58-3E9D-4060-85E6-762BC4C99646}"
EndProject
Global
	GlobalSection(SolutionConfigurationPlatforms) = preSolution
		Debug|x64 = Debug|x64
		Debug|x86 = Debug|x86
		Release|x64 = Release|x64
		Release|x86 = Release|x86
	EndGlobalSection
	GlobalSection(ProjectConfigurationPlatforms) = postSolution
		{03ABCD58-3E9D-4060-85E6-762BC4C99646}.Debug|x64.ActiveCfg = Debug|x64
		{03ABCD58-3E9D-4060-85E6-762BC4C99646}.Debug|x64.Build.0 = Debug|x64
		{03ABCD58-3E9D-4060-85E6-762BC4C99646}.Debug|x86.ActiveCfg = Debug|Win32
		{03ABCD58-3E9D-4060-85E6-762BC4C99646}.Debug|x86.Build.0 = Debug|Win32
		{03ABCD58-3E9D-4060-85E6-762BC4C99646}.Release|x64.ActiveCfg = Release|x64
		{03ABCD58-3E9D-4060-85E6-762BC4C99646}.Release|x64.Build.0 = Release|x64
		{03ABCD58-3E9D-4060-85E6-762BC4C99646}.Release|x86.ActiveCfg = Release|Win32
		{03ABCD58-3E9D-4060-85E6-762BC4C99646}.Release|x86.Build.0 = Release|Win32
	EndGlobalSection
	GlobalSection(SolutionProperties) = preSolution
		HideSolutionNode = FALSE
	EndGlobalSection
	GlobalSection(ExtensibilityGlobals) = postSolution
		SolutionGuid = {8CE55522-8FAD-4233-AB66-65EE4D7E1067}
	EndGlobalSection
EndGlobal
