
Microsoft Visual Studio Solution File, Format Version 12.00
# Visual Studio 15
VisualStudioVersion = 15.0.28010.2046
MinimumVisualStudioVersion = 10.0.40219.1
Project("{8BC9CEB8-8B4A-11D0-8D11-00A0C91BC942}") = "KPro_WINAPI11-1", "KPro_WINAPI11-1\KPro_WINAPI11-1.vcxproj", "{6065FC50-5209-433F-A46E-5EAC06E930B0}"
EndProject
Global
	GlobalSection(SolutionConfigurationPlatforms) = preSolution
		Debug|x64 = Debug|x64
		Debug|x86 = Debug|x86
		Release|x64 = Release|x64
		Release|x86 = Release|x86
	EndGlobalSection
	GlobalSection(ProjectConfigurationPlatforms) = postSolution
		{6065FC50-5209-433F-A46E-5EAC06E930B0}.Debug|x64.ActiveCfg = Debug|x64
		{6065FC50-5209-433F-A46E-5EAC06E930B0}.Debug|x64.Build.0 = Debug|x64
		{6065FC50-5209-433F-A46E-5EAC06E930B0}.Debug|x86.ActiveCfg = Debug|Win32
		{6065FC50-5209-433F-A46E-5EAC06E930B0}.Debug|x86.Build.0 = Debug|Win32
		{6065FC50-5209-433F-A46E-5EAC06E930B0}.Release|x64.ActiveCfg = Release|x64
		{6065FC50-5209-433F-A46E-5EAC06E930B0}.Release|x64.Build.0 = Release|x64
		{6065FC50-5209-433F-A46E-5EAC06E930B0}.Release|x86.ActiveCfg = Release|Win32
		{6065FC50-5209-433F-A46E-5EAC06E930B0}.Release|x86.Build.0 = Release|Win32
	EndGlobalSection
	GlobalSection(SolutionProperties) = preSolution
		HideSolutionNode = FALSE
	EndGlobalSection
	GlobalSection(ExtensibilityGlobals) = postSolution
		SolutionGuid = {1E9257AA-CED3-4BF4-B76C-B4E3E47C67A7}
	EndGlobalSection
EndGlobal
